
Microsoft Visual Studio Solution File, Format Version 12.00
# Visual Studio 15
VisualStudioVersion = 15.0.28307.136
MinimumVisualStudioVersion = 10.0.40219.1
Project("{8BC9CEB8-8B4A-11D0-8D11-00A0C91BC942}") = "Lab1_cpp", "Lab1_cpp\Lab1_cpp.vcxproj", "{EB1A3D95-FC3E-47D1-B009-97FE5E263322}"
EndProject
Global
	GlobalSection(SolutionConfigurationPlatforms) = preSolution
		Debug|x64 = Debug|x64
		Debug|x86 = Debug|x86
		Release|x64 = Release|x64
		Release|x86 = Release|x86
	EndGlobalSection
	GlobalSection(ProjectConfigurationPlatforms) = postSolution
		{EB1A3D95-FC3E-47D1-B009-97FE5E263322}.Debug|x64.ActiveCfg = Debug|x64
		{EB1A3D95-FC3E-47D1-B009-97FE5E263322}.Debug|x64.Build.0 = Debug|x64
		{EB1A3D95-FC3E-47D1-B009-97FE5E263322}.Debug|x86.ActiveCfg = Debug|Win32
		{EB1A3D95-FC3E-47D1-B009-97FE5E263322}.Debug|x86.Build.0 = Debug|Win32
		{EB1A3D95-FC3E-47D1-B009-97FE5E263322}.Release|x64.ActiveCfg = Release|x64
		{EB1A3D95-FC3E-47D1-B009-97FE5E263322}.Release|x64.Build.0 = Release|x64
		{EB1A3D95-FC3E-47D1-B009-97FE5E263322}.Release|x86.ActiveCfg = Release|Win32
		{EB1A3D95-FC3E-47D1-B009-97FE5E263322}.Release|x86.Build.0 = Release|Win32
	EndGlobalSection
	GlobalSection(SolutionProperties) = preSolution
		HideSolutionNode = FALSE
	EndGlobalSection
	GlobalSection(ExtensibilityGlobals) = postSolution
		SolutionGuid = {D6337C23-6226-486B-BF70-32429633EB88}
	EndGlobalSection
EndGlobal
