
Microsoft Visual Studio Solution File, Format Version 12.00
# Visual Studio 15
VisualStudioVersion = 15.0.28307.136
MinimumVisualStudioVersion = 10.0.40219.1
Project("{8BC9CEB8-8B4A-11D0-8D11-00A0C91BC942}") = "Lab3_cpp_async_futures", "Lab3_cpp_async_futures\Lab3_cpp_async_futures.vcxproj", "{16D4CF4A-6233-4EFF-AA40-EA66E4050719}"
EndProject
Global
	GlobalSection(SolutionConfigurationPlatforms) = preSolution
		Debug|x64 = Debug|x64
		Debug|x86 = Debug|x86
		Release|x64 = Release|x64
		Release|x86 = Release|x86
	EndGlobalSection
	GlobalSection(ProjectConfigurationPlatforms) = postSolution
		{16D4CF4A-6233-4EFF-AA40-EA66E4050719}.Debug|x64.ActiveCfg = Debug|x64
		{16D4CF4A-6233-4EFF-AA40-EA66E4050719}.Debug|x64.Build.0 = Debug|x64
		{16D4CF4A-6233-4EFF-AA40-EA66E4050719}.Debug|x86.ActiveCfg = Debug|Win32
		{16D4CF4A-6233-4EFF-AA40-EA66E4050719}.Debug|x86.Build.0 = Debug|Win32
		{16D4CF4A-6233-4EFF-AA40-EA66E4050719}.Release|x64.ActiveCfg = Release|x64
		{16D4CF4A-6233-4EFF-AA40-EA66E4050719}.Release|x64.Build.0 = Release|x64
		{16D4CF4A-6233-4EFF-AA40-EA66E4050719}.Release|x86.ActiveCfg = Release|Win32
		{16D4CF4A-6233-4EFF-AA40-EA66E4050719}.Release|x86.Build.0 = Release|Win32
	EndGlobalSection
	GlobalSection(SolutionProperties) = preSolution
		HideSolutionNode = FALSE
	EndGlobalSection
	GlobalSection(ExtensibilityGlobals) = postSolution
		SolutionGuid = {1ACE378C-1FCC-40E9-B4A5-206A087378E1}
	EndGlobalSection
EndGlobal
