
Microsoft Visual Studio Solution File, Format Version 12.00
# Visual Studio 15
VisualStudioVersion = 15.0.28307.136
MinimumVisualStudioVersion = 10.0.40219.1
Project("{8BC9CEB8-8B4A-11D0-8D11-00A0C91BC942}") = "Lab9_Karatsuba", "Lab9_Karatsuba\Lab9_Karatsuba.vcxproj", "{AF399304-DD1E-4344-A576-6B47A88C44E0}"
EndProject
Global
	GlobalSection(SolutionConfigurationPlatforms) = preSolution
		Debug|x64 = Debug|x64
		Debug|x86 = Debug|x86
		Release|x64 = Release|x64
		Release|x86 = Release|x86
	EndGlobalSection
	GlobalSection(ProjectConfigurationPlatforms) = postSolution
		{AF399304-DD1E-4344-A576-6B47A88C44E0}.Debug|x64.ActiveCfg = Debug|x64
		{AF399304-DD1E-4344-A576-6B47A88C44E0}.Debug|x64.Build.0 = Debug|x64
		{AF399304-DD1E-4344-A576-6B47A88C44E0}.Debug|x86.ActiveCfg = Debug|Win32
		{AF399304-DD1E-4344-A576-6B47A88C44E0}.Debug|x86.Build.0 = Debug|Win32
		{AF399304-DD1E-4344-A576-6B47A88C44E0}.Release|x64.ActiveCfg = Release|x64
		{AF399304-DD1E-4344-A576-6B47A88C44E0}.Release|x64.Build.0 = Release|x64
		{AF399304-DD1E-4344-A576-6B47A88C44E0}.Release|x86.ActiveCfg = Release|Win32
		{AF399304-DD1E-4344-A576-6B47A88C44E0}.Release|x86.Build.0 = Release|Win32
	EndGlobalSection
	GlobalSection(SolutionProperties) = preSolution
		HideSolutionNode = FALSE
	EndGlobalSection
	GlobalSection(ExtensibilityGlobals) = postSolution
		SolutionGuid = {166B27FD-C4A2-4058-8F70-821A2E6E53DC}
	EndGlobalSection
EndGlobal
